
Microsoft Visual Studio Solution File, Format Version 12.00
# Visual Studio 15
VisualStudioVersion = 15.0.26730.16
MinimumVisualStudioVersion = 10.0.40219.1
Project("{FAE04EC0-301F-11D3-BF4B-00C04F79EFBC}") = "DemoDB2", "DemoDB2\DemoDB2.csproj", "{C5005D4A-26FD-47F1-8C8C-91860A6768C3}"
EndProject
Global
	GlobalSection(SolutionConfigurationPlatforms) = preSolution
		Debug|Any CPU = Debug|Any CPU
		Release|Any CPU = Release|Any CPU
	EndGlobalSection
	GlobalSection(ProjectConfigurationPlatforms) = postSolution
		{C5005D4A-26FD-47F1-8C8C-91860A6768C3}.Debug|Any CPU.ActiveCfg = Debug|Any CPU
		{C5005D4A-26FD-47F1-8C8C-91860A6768C3}.Debug|Any CPU.Build.0 = Debug|Any CPU
		{C5005D4A-26FD-47F1-8C8C-91860A6768C3}.Release|Any CPU.ActiveCfg = Release|Any CPU
		{C5005D4A-26FD-47F1-8C8C-91860A6768C3}.Release|Any CPU.Build.0 = Release|Any CPU
	EndGlobalSection
	GlobalSection(SolutionProperties) = preSolution
		HideSolutionNode = FALSE
	EndGlobalSection
	GlobalSection(ExtensibilityGlobals) = postSolution
		SolutionGuid = {7791EA5A-AE96-402D-A2FD-B401FCF206EB}
	EndGlobalSection
EndGlobal
